// !$*UTF8*$!
{
	archiveVersion = 1;
	classes = {
	};
	objectVersion = 46;
	objects = {

/* Begin PBXBuildFile section */
		84F345183430CA4882A3A3D5 /* Pods_WeatherWatch.framework in Frameworks */ = {isa = PBXBuildFile; fileRef = 847647BB7A90C56175C9E39E /* Pods_WeatherWatch.framework */; };
		A70B23CA1D2BEAD30046AC44 /* location.gpx in Resources */ = {isa = PBXBuildFile; fileRef = A70B23C91D2BEAD30046AC44 /* location.gpx */; };
		A70B23CD1D2CF5030046AC44 /* LocationService.swift in Sources */ = {isa = PBXBuildFile; fileRef = A70B23CC1D2CF5030046AC44 /* LocationService.swift */; };
		A70B23CF1D2CF50E0046AC44 /* WeatherService.swift in Sources */ = {isa = PBXBuildFile; fileRef = A70B23CE1D2CF50E0046AC44 /* WeatherService.swift */; };
		A70B23D61D2CF72C0046AC44 /* Location+CoreDataProperties.swift in Sources */ = {isa = PBXBuildFile; fileRef = A70B23D51D2CF72C0046AC44 /* Location+CoreDataProperties.swift */; };
		A70B23D81D2CF9870046AC44 /* Location.swift in Sources */ = {isa = PBXBuildFile; fileRef = A70B23D71D2CF9870046AC44 /* Location.swift */; };
		A70B23DA1D2D02080046AC44 /* SearchLocation.swift in Sources */ = {isa = PBXBuildFile; fileRef = A70B23D91D2D02080046AC44 /* SearchLocation.swift */; };
		A70B23DC1D2D0F920046AC44 /* SearchResultsController.swift in Sources */ = {isa = PBXBuildFile; fileRef = A70B23DB1D2D0F920046AC44 /* SearchResultsController.swift */; };
		A723A3521D2662C100EB39EB /* AppDelegate.swift in Sources */ = {isa = PBXBuildFile; fileRef = A723A3511D2662C100EB39EB /* AppDelegate.swift */; };
		A723A3571D2662C100EB39EB /* Main.storyboard in Resources */ = {isa = PBXBuildFile; fileRef = A723A3551D2662C100EB39EB /* Main.storyboard */; };
		A723A35A1D2662C100EB39EB /* WeatherWatch.xcdatamodeld in Sources */ = {isa = PBXBuildFile; fileRef = A723A3581D2662C100EB39EB /* WeatherWatch.xcdatamodeld */; };
		A723A35C1D2662C100EB39EB /* Assets.xcassets in Resources */ = {isa = PBXBuildFile; fileRef = A723A35B1D2662C100EB39EB /* Assets.xcassets */; };
		A723A36A1D2662C100EB39EB /* WeatherWatchTests.swift in Sources */ = {isa = PBXBuildFile; fileRef = A723A3691D2662C100EB39EB /* WeatherWatchTests.swift */; };
		A723A3751D2662C100EB39EB /* WeatherWatchUITests.swift in Sources */ = {isa = PBXBuildFile; fileRef = A723A3741D2662C100EB39EB /* WeatherWatchUITests.swift */; };
		A723A3831D26661D00EB39EB /* LocationsViewController.swift in Sources */ = {isa = PBXBuildFile; fileRef = A723A3821D26661D00EB39EB /* LocationsViewController.swift */; };
		A7A540F61D2BC7240057C7CC /* WeatherCell.swift in Sources */ = {isa = PBXBuildFile; fileRef = A7A540F51D2BC7240057C7CC /* WeatherCell.swift */; };
		A7E1C8931D2D34780085EACF /* Weather.swift in Sources */ = {isa = PBXBuildFile; fileRef = A7E1C8921D2D34780085EACF /* Weather.swift */; };
/* End PBXBuildFile section */

/* Begin PBXContainerItemProxy section */
		A723A3661D2662C100EB39EB /* PBXContainerItemProxy */ = {
			isa = PBXContainerItemProxy;
			containerPortal = A723A3461D2662C100EB39EB /* Project object */;
			proxyType = 1;
			remoteGlobalIDString = A723A34D1D2662C100EB39EB;
			remoteInfo = WeatherWatch;
		};
		A723A3711D2662C100EB39EB /* PBXContainerItemProxy */ = {
			isa = PBXContainerItemProxy;
			containerPortal = A723A3461D2662C100EB39EB /* Project object */;
			proxyType = 1;
			remoteGlobalIDString = A723A34D1D2662C100EB39EB;
			remoteInfo = WeatherWatch;
		};
/* End PBXContainerItemProxy section */

/* Begin PBXFileReference section */
		1495B7CB8C8E54290B5C6C49 /* Pods-WeatherWatch.debug.xcconfig */ = {isa = PBXFileReference; includeInIndex = 1; lastKnownFileType = text.xcconfig; name = "Pods-WeatherWatch.debug.xcconfig"; path = "Pods/Target Support Files/Pods-WeatherWatch/Pods-WeatherWatch.debug.xcconfig"; sourceTree = "<group>"; };
		847647BB7A90C56175C9E39E /* Pods_WeatherWatch.framework */ = {isa = PBXFileReference; explicitFileType = wrapper.framework; includeInIndex = 0; path = Pods_WeatherWatch.framework; sourceTree = BUILT_PRODUCTS_DIR; };
		8DBFDDFEE5042062AB4081C5 /* Pods-WeatherWatch.release.xcconfig */ = {isa = PBXFileReference; includeInIndex = 1; lastKnownFileType = text.xcconfig; name = "Pods-WeatherWatch.release.xcconfig"; path = "Pods/Target Support Files/Pods-WeatherWatch/Pods-WeatherWatch.release.xcconfig"; sourceTree = "<group>"; };
		A70B23C91D2BEAD30046AC44 /* location.gpx */ = {isa = PBXFileReference; fileEncoding = 4; lastKnownFileType = text; name = location.gpx; path = WeatherWatch/location.gpx; sourceTree = "<group>"; };
		A70B23CC1D2CF5030046AC44 /* LocationService.swift */ = {isa = PBXFileReference; fileEncoding = 4; lastKnownFileType = sourcecode.swift; path = LocationService.swift; sourceTree = "<group>"; };
		A70B23CE1D2CF50E0046AC44 /* WeatherService.swift */ = {isa = PBXFileReference; fileEncoding = 4; lastKnownFileType = sourcecode.swift; path = WeatherService.swift; sourceTree = "<group>"; };
		A70B23D51D2CF72C0046AC44 /* Location+CoreDataProperties.swift */ = {isa = PBXFileReference; fileEncoding = 4; lastKnownFileType = sourcecode.swift; path = "Location+CoreDataProperties.swift"; sourceTree = "<group>"; };
		A70B23D71D2CF9870046AC44 /* Location.swift */ = {isa = PBXFileReference; fileEncoding = 4; lastKnownFileType = sourcecode.swift; path = Location.swift; sourceTree = "<group>"; };
		A70B23D91D2D02080046AC44 /* SearchLocation.swift */ = {isa = PBXFileReference; fileEncoding = 4; lastKnownFileType = sourcecode.swift; path = SearchLocation.swift; sourceTree = "<group>"; };
		A70B23DB1D2D0F920046AC44 /* SearchResultsController.swift */ = {isa = PBXFileReference; fileEncoding = 4; lastKnownFileType = sourcecode.swift; path = SearchResultsController.swift; sourceTree = "<group>"; };
		A723A34E1D2662C100EB39EB /* WeatherWatch.app */ = {isa = PBXFileReference; explicitFileType = wrapper.application; includeInIndex = 0; path = WeatherWatch.app; sourceTree = BUILT_PRODUCTS_DIR; };
		A723A3511D2662C100EB39EB /* AppDelegate.swift */ = {isa = PBXFileReference; lastKnownFileType = sourcecode.swift; path = AppDelegate.swift; sourceTree = "<group>"; };
		A723A3561D2662C100EB39EB /* Base */ = {isa = PBXFileReference; lastKnownFileType = file.storyboard; name = Base; path = Base.lproj/Main.storyboard; sourceTree = "<group>"; };
		A723A3591D2662C100EB39EB /* WeatherWatch.xcdatamodel */ = {isa = PBXFileReference; lastKnownFileType = wrapper.xcdatamodel; path = WeatherWatch.xcdatamodel; sourceTree = "<group>"; };
		A723A35B1D2662C100EB39EB /* Assets.xcassets */ = {isa = PBXFileReference; lastKnownFileType = folder.assetcatalog; path = Assets.xcassets; sourceTree = "<group>"; };
		A723A3601D2662C100EB39EB /* Info.plist */ = {isa = PBXFileReference; lastKnownFileType = text.plist.xml; path = Info.plist; sourceTree = "<group>"; };
		A723A3651D2662C100EB39EB /* WeatherWatchTests.xctest */ = {isa = PBXFileReference; explicitFileType = wrapper.cfbundle; includeInIndex = 0; path = WeatherWatchTests.xctest; sourceTree = BUILT_PRODUCTS_DIR; };
		A723A3691D2662C100EB39EB /* WeatherWatchTests.swift */ = {isa = PBXFileReference; lastKnownFileType = sourcecode.swift; path = WeatherWatchTests.swift; sourceTree = "<group>"; };
		A723A36B1D2662C100EB39EB /* Info.plist */ = {isa = PBXFileReference; lastKnownFileType = text.plist.xml; path = Info.plist; sourceTree = "<group>"; };
		A723A3701D2662C100EB39EB /* WeatherWatchUITests.xctest */ = {isa = PBXFileReference; explicitFileType = wrapper.cfbundle; includeInIndex = 0; path = WeatherWatchUITests.xctest; sourceTree = BUILT_PRODUCTS_DIR; };
		A723A3741D2662C100EB39EB /* WeatherWatchUITests.swift */ = {isa = PBXFileReference; lastKnownFileType = sourcecode.swift; path = WeatherWatchUITests.swift; sourceTree = "<group>"; };
		A723A3761D2662C100EB39EB /* Info.plist */ = {isa = PBXFileReference; lastKnownFileType = text.plist.xml; path = Info.plist; sourceTree = "<group>"; };
		A723A3821D26661D00EB39EB /* LocationsViewController.swift */ = {isa = PBXFileReference; fileEncoding = 4; lastKnownFileType = sourcecode.swift; path = LocationsViewController.swift; sourceTree = "<group>"; };
		A7A540F51D2BC7240057C7CC /* WeatherCell.swift */ = {isa = PBXFileReference; fileEncoding = 4; lastKnownFileType = sourcecode.swift; path = WeatherCell.swift; sourceTree = "<group>"; };
		A7A540FA1D2BCD660057C7CC /* en */ = {isa = PBXFileReference; lastKnownFileType = text.plist.strings; name = en; path = en.lproj/Main.strings; sourceTree = "<group>"; };
		A7A540FB1D2BCDCE0057C7CC /* nb */ = {isa = PBXFileReference; lastKnownFileType = text.plist.strings; name = nb; path = nb.lproj/Main.strings; sourceTree = "<group>"; };
		A7E1C8921D2D34780085EACF /* Weather.swift */ = {isa = PBXFileReference; fileEncoding = 4; lastKnownFileType = sourcecode.swift; path = Weather.swift; sourceTree = "<group>"; };
/* End PBXFileReference section */

/* Begin PBXFrameworksBuildPhase section */
		A723A34B1D2662C100EB39EB /* Frameworks */ = {
			isa = PBXFrameworksBuildPhase;
			buildActionMask = 2147483647;
			files = (
				84F345183430CA4882A3A3D5 /* Pods_WeatherWatch.framework in Frameworks */,
			);
			runOnlyForDeploymentPostprocessing = 0;
		};
		A723A3621D2662C100EB39EB /* Frameworks */ = {
			isa = PBXFrameworksBuildPhase;
			buildActionMask = 2147483647;
			files = (
			);
			runOnlyForDeploymentPostprocessing = 0;
		};
		A723A36D1D2662C100EB39EB /* Frameworks */ = {
			isa = PBXFrameworksBuildPhase;
			buildActionMask = 2147483647;
			files = (
			);
			runOnlyForDeploymentPostprocessing = 0;
		};
/* End PBXFrameworksBuildPhase section */

/* Begin PBXGroup section */
		70205274F2EEA150C5CF0AEB /* Frameworks */ = {
			isa = PBXGroup;
			children = (
				847647BB7A90C56175C9E39E /* Pods_WeatherWatch.framework */,
			);
			name = Frameworks;
			sourceTree = "<group>";
		};
		A70B23CB1D2CF4E10046AC44 /* Services */ = {
			isa = PBXGroup;
			children = (
				A70B23CC1D2CF5030046AC44 /* LocationService.swift */,
				A70B23CE1D2CF50E0046AC44 /* WeatherService.swift */,
			);
			name = Services;
			sourceTree = "<group>";
		};
		A70B23D01D2CF67B0046AC44 /* Models */ = {
			isa = PBXGroup;
			children = (
				A70B23D71D2CF9870046AC44 /* Location.swift */,
				A70B23D51D2CF72C0046AC44 /* Location+CoreDataProperties.swift */,
				A70B23D91D2D02080046AC44 /* SearchLocation.swift */,
				A7E1C8921D2D34780085EACF /* Weather.swift */,
			);
			name = Models;
			sourceTree = "<group>";
		};
		A70B23D31D2CF7140046AC44 /* Cells */ = {
			isa = PBXGroup;
			children = (
				A7A540F51D2BC7240057C7CC /* WeatherCell.swift */,
			);
			name = Cells;
			sourceTree = "<group>";
		};
		A70B23D41D2CF7190046AC44 /* ViewControllers */ = {
			isa = PBXGroup;
			children = (
				A723A3821D26661D00EB39EB /* LocationsViewController.swift */,
				A70B23DB1D2D0F920046AC44 /* SearchResultsController.swift */,
			);
			name = ViewControllers;
			sourceTree = "<group>";
		};
		A723A3451D2662C100EB39EB = {
			isa = PBXGroup;
			children = (
				A70B23C91D2BEAD30046AC44 /* location.gpx */,
				A723A3501D2662C100EB39EB /* WeatherWatch */,
				A723A3681D2662C100EB39EB /* WeatherWatchTests */,
				A723A3731D2662C100EB39EB /* WeatherWatchUITests */,
				A723A34F1D2662C100EB39EB /* Products */,
				B8D0F9B546C87B1E8BDAB482 /* Pods */,
				70205274F2EEA150C5CF0AEB /* Frameworks */,
			);
			sourceTree = "<group>";
		};
		A723A34F1D2662C100EB39EB /* Products */ = {
			isa = PBXGroup;
			children = (
				A723A34E1D2662C100EB39EB /* WeatherWatch.app */,
				A723A3651D2662C100EB39EB /* WeatherWatchTests.xctest */,
				A723A3701D2662C100EB39EB /* WeatherWatchUITests.xctest */,
			);
			name = Products;
			sourceTree = "<group>";
		};
		A723A3501D2662C100EB39EB /* WeatherWatch */ = {
			isa = PBXGroup;
			children = (
				A70B23D01D2CF67B0046AC44 /* Models */,
				A70B23CB1D2CF4E10046AC44 /* Services */,
				A723A3511D2662C100EB39EB /* AppDelegate.swift */,
				A723A3551D2662C100EB39EB /* Main.storyboard */,
				A723A35B1D2662C100EB39EB /* Assets.xcassets */,
				A723A3601D2662C100EB39EB /* Info.plist */,
				A723A3581D2662C100EB39EB /* WeatherWatch.xcdatamodeld */,
				A70B23D41D2CF7190046AC44 /* ViewControllers */,
				A70B23D31D2CF7140046AC44 /* Cells */,
			);
			path = WeatherWatch;
			sourceTree = "<group>";
		};
		A723A3681D2662C100EB39EB /* WeatherWatchTests */ = {
			isa = PBXGroup;
			children = (
				A723A3691D2662C100EB39EB /* WeatherWatchTests.swift */,
				A723A36B1D2662C100EB39EB /* Info.plist */,
			);
			path = WeatherWatchTests;
			sourceTree = "<group>";
		};
		A723A3731D2662C100EB39EB /* WeatherWatchUITests */ = {
			isa = PBXGroup;
			children = (
				A723A3741D2662C100EB39EB /* WeatherWatchUITests.swift */,
				A723A3761D2662C100EB39EB /* Info.plist */,
			);
			path = WeatherWatchUITests;
			sourceTree = "<group>";
		};
		B8D0F9B546C87B1E8BDAB482 /* Pods */ = {
			isa = PBXGroup;
			children = (
				1495B7CB8C8E54290B5C6C49 /* Pods-WeatherWatch.debug.xcconfig */,
				8DBFDDFEE5042062AB4081C5 /* Pods-WeatherWatch.release.xcconfig */,
			);
			name = Pods;
			sourceTree = "<group>";
		};
/* End PBXGroup section */

/* Begin PBXNativeTarget section */
		A723A34D1D2662C100EB39EB /* WeatherWatch */ = {
			isa = PBXNativeTarget;
			buildConfigurationList = A723A3791D2662C100EB39EB /* Build configuration list for PBXNativeTarget "WeatherWatch" */;
			buildPhases = (
				3152311EB9E942828B84D058 /* [CP] Check Pods Manifest.lock */,
				A723A34A1D2662C100EB39EB /* Sources */,
				A723A34B1D2662C100EB39EB /* Frameworks */,
				A723A34C1D2662C100EB39EB /* Resources */,
				54207E740E0950DBC694E411 /* [CP] Embed Pods Frameworks */,
				7C39AEBBBD2572AD72DCE472 /* [CP] Copy Pods Resources */,
			);
			buildRules = (
			);
			dependencies = (
			);
			name = WeatherWatch;
			productName = WeatherWatch;
			productReference = A723A34E1D2662C100EB39EB /* WeatherWatch.app */;
			productType = "com.apple.product-type.application";
		};
		A723A3641D2662C100EB39EB /* WeatherWatchTests */ = {
			isa = PBXNativeTarget;
			buildConfigurationList = A723A37C1D2662C100EB39EB /* Build configuration list for PBXNativeTarget "WeatherWatchTests" */;
			buildPhases = (
				A723A3611D2662C100EB39EB /* Sources */,
				A723A3621D2662C100EB39EB /* Frameworks */,
				A723A3631D2662C100EB39EB /* Resources */,
			);
			buildRules = (
			);
			dependencies = (
				A723A3671D2662C100EB39EB /* PBXTargetDependency */,
			);
			name = WeatherWatchTests;
			productName = WeatherWatchTests;
			productReference = A723A3651D2662C100EB39EB /* WeatherWatchTests.xctest */;
			productType = "com.apple.product-type.bundle.unit-test";
		};
		A723A36F1D2662C100EB39EB /* WeatherWatchUITests */ = {
			isa = PBXNativeTarget;
			buildConfigurationList = A723A37F1D2662C100EB39EB /* Build configuration list for PBXNativeTarget "WeatherWatchUITests" */;
			buildPhases = (
				A723A36C1D2662C100EB39EB /* Sources */,
				A723A36D1D2662C100EB39EB /* Frameworks */,
				A723A36E1D2662C100EB39EB /* Resources */,
			);
			buildRules = (
			);
			dependencies = (
				A723A3721D2662C100EB39EB /* PBXTargetDependency */,
			);
			name = WeatherWatchUITests;
			productName = WeatherWatchUITests;
			productReference = A723A3701D2662C100EB39EB /* WeatherWatchUITests.xctest */;
			productType = "com.apple.product-type.bundle.ui-testing";
		};
/* End PBXNativeTarget section */

/* Begin PBXProject section */
		A723A3461D2662C100EB39EB /* Project object */ = {
			isa = PBXProject;
			attributes = {
				LastSwiftUpdateCheck = 0730;
				LastUpgradeCheck = 0730;
				ORGANIZATIONNAME = "Mathias Lidal";
				TargetAttributes = {
					A723A34D1D2662C100EB39EB = {
						CreatedOnToolsVersion = 7.3.1;
					};
					A723A3641D2662C100EB39EB = {
						CreatedOnToolsVersion = 7.3.1;
						TestTargetID = A723A34D1D2662C100EB39EB;
					};
					A723A36F1D2662C100EB39EB = {
						CreatedOnToolsVersion = 7.3.1;
						TestTargetID = A723A34D1D2662C100EB39EB;
					};
				};
			};
			buildConfigurationList = A723A3491D2662C100EB39EB /* Build configuration list for PBXProject "WeatherWatch" */;
			compatibilityVersion = "Xcode 3.2";
			developmentRegion = English;
			hasScannedForEncodings = 0;
			knownRegions = (
				en,
				Base,
			);
			mainGroup = A723A3451D2662C100EB39EB;
			productRefGroup = A723A34F1D2662C100EB39EB /* Products */;
			projectDirPath = "";
			projectRoot = "";
			targets = (
				A723A34D1D2662C100EB39EB /* WeatherWatch */,
				A723A3641D2662C100EB39EB /* WeatherWatchTests */,
				A723A36F1D2662C100EB39EB /* WeatherWatchUITests */,
			);
		};
/* End PBXProject section */

/* Begin PBXResourcesBuildPhase section */
		A723A34C1D2662C100EB39EB /* Resources */ = {
			isa = PBXResourcesBuildPhase;
			buildActionMask = 2147483647;
			files = (
				A723A35C1D2662C100EB39EB /* Assets.xcassets in Resources */,
				A70B23CA1D2BEAD30046AC44 /* location.gpx in Resources */,
				A723A3571D2662C100EB39EB /* Main.storyboard in Resources */,
			);
			runOnlyForDeploymentPostprocessing = 0;
		};
		A723A3631D2662C100EB39EB /* Resources */ = {
			isa = PBXResourcesBuildPhase;
			buildActionMask = 2147483647;
			files = (
			);
			runOnlyForDeploymentPostprocessing = 0;
		};
		A723A36E1D2662C100EB39EB /* Resources */ = {
			isa = PBXResourcesBuildPhase;
			buildActionMask = 2147483647;
			files = (
			);
			runOnlyForDeploymentPostprocessing = 0;
		};
/* End PBXResourcesBuildPhase section */

/* Begin PBXShellScriptBuildPhase section */
		3152311EB9E942828B84D058 /* [CP] Check Pods Manifest.lock */ = {
			isa = PBXShellScriptBuildPhase;
			buildActionMask = 2147483647;
			files = (
			);
			inputPaths = (
			);
			name = "[CP] Check Pods Manifest.lock";
			outputPaths = (
			);
			runOnlyForDeploymentPostprocessing = 0;
			shellPath = /bin/sh;
			shellScript = "diff \"${PODS_ROOT}/../Podfile.lock\" \"${PODS_ROOT}/Manifest.lock\" > /dev/null\nif [[ $? != 0 ]] ; then\n    cat << EOM\nerror: The sandbox is not in sync with the Podfile.lock. Run 'pod install' or update your CocoaPods installation.\nEOM\n    exit 1\nfi\n";
			showEnvVarsInLog = 0;
		};
		54207E740E0950DBC694E411 /* [CP] Embed Pods Frameworks */ = {
			isa = PBXShellScriptBuildPhase;
			buildActionMask = 2147483647;
			files = (
			);
			inputPaths = (
			);
			name = "[CP] Embed Pods Frameworks";
			outputPaths = (
			);
			runOnlyForDeploymentPostprocessing = 0;
			shellPath = /bin/sh;
			shellScript = "\"${SRCROOT}/Pods/Target Support Files/Pods-WeatherWatch/Pods-WeatherWatch-frameworks.sh\"\n";
			showEnvVarsInLog = 0;
		};
		7C39AEBBBD2572AD72DCE472 /* [CP] Copy Pods Resources */ = {
			isa = PBXShellScriptBuildPhase;
			buildActionMask = 2147483647;
			files = (
			);
			inputPaths = (
			);
			name = "[CP] Copy Pods Resources";
			outputPaths = (
			);
			runOnlyForDeploymentPostprocessing = 0;
			shellPath = /bin/sh;
			shellScript = "\"${SRCROOT}/Pods/Target Support Files/Pods-WeatherWatch/Pods-WeatherWatch-resources.sh\"\n";
			showEnvVarsInLog = 0;
		};
/* End PBXShellScriptBuildPhase section */

/* Begin PBXSourcesBuildPhase section */
		A723A34A1D2662C100EB39EB /* Sources */ = {
			isa = PBXSourcesBuildPhase;
			buildActionMask = 2147483647;
			files = (
				A7A540F61D2BC7240057C7CC /* WeatherCell.swift in Sources */,
				A70B23DA1D2D02080046AC44 /* SearchLocation.swift in Sources */,
				A70B23D61D2CF72C0046AC44 /* Location+CoreDataProperties.swift in Sources */,
				A7E1C8931D2D34780085EACF /* Weather.swift in Sources */,
				A70B23D81D2CF9870046AC44 /* Location.swift in Sources */,
				A723A35A1D2662C100EB39EB /* WeatherWatch.xcdatamodeld in Sources */,
				A70B23CD1D2CF5030046AC44 /* LocationService.swift in Sources */,
				A723A3521D2662C100EB39EB /* AppDelegate.swift in Sources */,
				A70B23CF1D2CF50E0046AC44 /* WeatherService.swift in Sources */,
				A70B23DC1D2D0F920046AC44 /* SearchResultsController.swift in Sources */,
				A723A3831D26661D00EB39EB /* LocationsViewController.swift in Sources */,
			);
			runOnlyForDeploymentPostprocessing = 0;
		};
		A723A3611D2662C100EB39EB /* Sources */ = {
			isa = PBXSourcesBuildPhase;
			buildActionMask = 2147483647;
			files = (
				A723A36A1D2662C100EB39EB /* WeatherWatchTests.swift in Sources */,
			);
			runOnlyForDeploymentPostprocessing = 0;
		};
		A723A36C1D2662C100EB39EB /* Sources */ = {
			isa = PBXSourcesBuildPhase;
			buildActionMask = 2147483647;
			files = (
				A723A3751D2662C100EB39EB /* WeatherWatchUITests.swift in Sources */,
			);
			runOnlyForDeploymentPostprocessing = 0;
		};
/* End PBXSourcesBuildPhase section */

/* Begin PBXTargetDependency section */
		A723A3671D2662C100EB39EB /* PBXTargetDependency */ = {
			isa = PBXTargetDependency;
			target = A723A34D1D2662C100EB39EB /* WeatherWatch */;
			targetProxy = A723A3661D2662C100EB39EB /* PBXContainerItemProxy */;
		};
		A723A3721D2662C100EB39EB /* PBXTargetDependency */ = {
			isa = PBXTargetDependency;
			target = A723A34D1D2662C100EB39EB /* WeatherWatch */;
			targetProxy = A723A3711D2662C100EB39EB /* PBXContainerItemProxy */;
		};
/* End PBXTargetDependency section */

/* Begin PBXVariantGroup section */
		A723A3551D2662C100EB39EB /* Main.storyboard */ = {
			isa = PBXVariantGroup;
			children = (
				A723A3561D2662C100EB39EB /* Base */,
				A7A540FA1D2BCD660057C7CC /* en */,
				A7A540FB1D2BCDCE0057C7CC /* nb */,
			);
			name = Main.storyboard;
			sourceTree = "<group>";
		};
/* End PBXVariantGroup section */

/* Begin XCBuildConfiguration section */
		A723A3771D2662C100EB39EB /* Debug */ = {
			isa = XCBuildConfiguration;
			buildSettings = {
				ALWAYS_SEARCH_USER_PATHS = NO;
				CLANG_ANALYZER_NONNULL = YES;
				CLANG_CXX_LANGUAGE_STANDARD = "gnu++0x";
				CLANG_CXX_LIBRARY = "libc++";
				CLANG_ENABLE_MODULES = YES;
				CLANG_ENABLE_OBJC_ARC = YES;
				CLANG_WARN_BOOL_CONVERSION = YES;
				CLANG_WARN_CONSTANT_CONVERSION = YES;
				CLANG_WARN_DIRECT_OBJC_ISA_USAGE = YES_ERROR;
				CLANG_WARN_EMPTY_BODY = YES;
				CLANG_WARN_ENUM_CONVERSION = YES;
				CLANG_WARN_INT_CONVERSION = YES;
				CLANG_WARN_OBJC_ROOT_CLASS = YES_ERROR;
				CLANG_WARN_UNREACHABLE_CODE = YES;
				CLANG_WARN__DUPLICATE_METHOD_MATCH = YES;
				"CODE_SIGN_IDENTITY[sdk=iphoneos*]" = "iPhone Developer";
				COPY_PHASE_STRIP = NO;
				DEBUG_INFORMATION_FORMAT = dwarf;
				ENABLE_STRICT_OBJC_MSGSEND = YES;
				ENABLE_TESTABILITY = YES;
				GCC_C_LANGUAGE_STANDARD = gnu99;
				GCC_DYNAMIC_NO_PIC = NO;
				GCC_NO_COMMON_BLOCKS = YES;
				GCC_OPTIMIZATION_LEVEL = 0;
				GCC_PREPROCESSOR_DEFINITIONS = (
					"DEBUG=1",
					"$(inherited)",
				);
				GCC_WARN_64_TO_32_BIT_CONVERSION = YES;
				GCC_WARN_ABOUT_RETURN_TYPE = YES_ERROR;
				GCC_WARN_UNDECLARED_SELECTOR = YES;
				GCC_WARN_UNINITIALIZED_AUTOS = YES_AGGRESSIVE;
				GCC_WARN_UNUSED_FUNCTION = YES;
				GCC_WARN_UNUSED_VARIABLE = YES;
				IPHONEOS_DEPLOYMENT_TARGET = 9.3;
				MTL_ENABLE_DEBUG_INFO = YES;
				ONLY_ACTIVE_ARCH = YES;
				SDKROOT = iphoneos;
				SWIFT_OPTIMIZATION_LEVEL = "-Onone";
			};
			name = Debug;
		};
		A723A3781D2662C100EB39EB /* Release */ = {
			isa = XCBuildConfiguration;
			buildSettings = {
				ALWAYS_SEARCH_USER_PATHS = NO;
				CLANG_ANALYZER_NONNULL = YES;
				CLANG_CXX_LANGUAGE_STANDARD = "gnu++0x";
				CLANG_CXX_LIBRARY = "libc++";
				CLANG_ENABLE_MODULES = YES;
				CLANG_ENABLE_OBJC_ARC = YES;
				CLANG_WARN_BOOL_CONVERSION = YES;
				CLANG_WARN_CONSTANT_CONVERSION = YES;
				CLANG_WARN_DIRECT_OBJC_ISA_USAGE = YES_ERROR;
				CLANG_WARN_EMPTY_BODY = YES;
				CLANG_WARN_ENUM_CONVERSION = YES;
				CLANG_WARN_INT_CONVERSION = YES;
				CLANG_WARN_OBJC_ROOT_CLASS = YES_ERROR;
				CLANG_WARN_UNREACHABLE_CODE = YES;
				CLANG_WARN__DUPLICATE_METHOD_MATCH = YES;
				"CODE_SIGN_IDENTITY[sdk=iphoneos*]" = "iPhone Developer";
				COPY_PHASE_STRIP = NO;
				DEBUG_INFORMATION_FORMAT = "dwarf-with-dsym";
				ENABLE_NS_ASSERTIONS = NO;
				ENABLE_STRICT_OBJC_MSGSEND = YES;
				GCC_C_LANGUAGE_STANDARD = gnu99;
				GCC_NO_COMMON_BLOCKS = YES;
				GCC_WARN_64_TO_32_BIT_CONVERSION = YES;
				GCC_WARN_ABOUT_RETURN_TYPE = YES_ERROR;
				GCC_WARN_UNDECLARED_SELECTOR = YES;
				GCC_WARN_UNINITIALIZED_AUTOS = YES_AGGRESSIVE;
				GCC_WARN_UNUSED_FUNCTION = YES;
				GCC_WARN_UNUSED_VARIABLE = YES;
				IPHONEOS_DEPLOYMENT_TARGET = 9.3;
				MTL_ENABLE_DEBUG_INFO = NO;
				SDKROOT = iphoneos;
				VALIDATE_PRODUCT = YES;
			};
			name = Release;
		};
		A723A37A1D2662C100EB39EB /* Debug */ = {
			isa = XCBuildConfiguration;
			baseConfigurationReference = 1495B7CB8C8E54290B5C6C49 /* Pods-WeatherWatch.debug.xcconfig */;
			buildSettings = {
				ASSETCATALOG_COMPILER_APPICON_NAME = AppIcon;
				INFOPLIST_FILE = WeatherWatch/Info.plist;
				LD_RUNPATH_SEARCH_PATHS = "$(inherited) @executable_path/Frameworks";
				PRODUCT_BUNDLE_IDENTIFIER = no.lidal.weather.WeatherWatch;
				PRODUCT_NAME = "$(TARGET_NAME)";
			};
			name = Debug;
		};
		A723A37B1D2662C100EB39EB /* Release */ = {
			isa = XCBuildConfiguration;
			baseConfigurationReference = 8DBFDDFEE5042062AB4081C5 /* Pods-WeatherWatch.release.xcconfig */;
			buildSettings = {
				ASSETCATALOG_COMPILER_APPICON_NAME = AppIcon;
				INFOPLIST_FILE = WeatherWatch/Info.plist;
				LD_RUNPATH_SEARCH_PATHS = "$(inherited) @executable_path/Frameworks";
				PRODUCT_BUNDLE_IDENTIFIER = no.lidal.weather.WeatherWatch;
				PRODUCT_NAME = "$(TARGET_NAME)";
			};
			name = Release;
		};
		A723A37D1D2662C100EB39EB /* Debug */ = {
			isa = XCBuildConfiguration;
			buildSettings = {
				BUNDLE_LOADER = "$(TEST_HOST)";
				INFOPLIST_FILE = WeatherWatchTests/Info.plist;
				LD_RUNPATH_SEARCH_PATHS = "$(inherited) @executable_path/Frameworks @loader_path/Frameworks";
				PRODUCT_BUNDLE_IDENTIFIER = no.lidal.weather.WeatherWatchTests;
				PRODUCT_NAME = "$(TARGET_NAME)";
				TEST_HOST = "$(BUILT_PRODUCTS_DIR)/WeatherWatch.app/WeatherWatch";
			};
			name = Debug;
		};
		A723A37E1D2662C100EB39EB /* Release */ = {
			isa = XCBuildConfiguration;
			buildSettings = {
				BUNDLE_LOADER = "$(TEST_HOST)";
				INFOPLIST_FILE = WeatherWatchTests/Info.plist;
				LD_RUNPATH_SEARCH_PATHS = "$(inherited) @executable_path/Frameworks @loader_path/Frameworks";
				PRODUCT_BUNDLE_IDENTIFIER = no.lidal.weather.WeatherWatchTests;
				PRODUCT_NAME = "$(TARGET_NAME)";
				TEST_HOST = "$(BUILT_PRODUCTS_DIR)/WeatherWatch.app/WeatherWatch";
			};
			name = Release;
		};
		A723A3801D2662C100EB39EB /* Debug */ = {
			isa = XCBuildConfiguration;
			buildSettings = {
				INFOPLIST_FILE = WeatherWatchUITests/Info.plist;
				LD_RUNPATH_SEARCH_PATHS = "$(inherited) @executable_path/Frameworks @loader_path/Frameworks";
				PRODUCT_BUNDLE_IDENTIFIER = no.lidal.weather.WeatherWatchUITests;
				PRODUCT_NAME = "$(TARGET_NAME)";
				TEST_TARGET_NAME = WeatherWatch;
			};
			name = Debug;
		};
		A723A3811D2662C100EB39EB /* Release */ = {
			isa = XCBuildConfiguration;
			buildSettings = {
				INFOPLIST_FILE = WeatherWatchUITests/Info.plist;
				LD_RUNPATH_SEARCH_PATHS = "$(inherited) @executable_path/Frameworks @loader_path/Frameworks";
				PRODUCT_BUNDLE_IDENTIFIER = no.lidal.weather.WeatherWatchUITests;
				PRODUCT_NAME = "$(TARGET_NAME)";
				TEST_TARGET_NAME = WeatherWatch;
			};
			name = Release;
		};
/* End XCBuildConfiguration section */

/* Begin XCConfigurationList section */
		A723A3491D2662C100EB39EB /* Build configuration list for PBXProject "WeatherWatch" */ = {
			isa = XCConfigurationList;
			buildConfigurations = (
				A723A3771D2662C100EB39EB /* Debug */,
				A723A3781D2662C100EB39EB /* Release */,
			);
			defaultConfigurationIsVisible = 0;
			defaultConfigurationName = Release;
		};
		A723A3791D2662C100EB39EB /* Build configuration list for PBXNativeTarget "WeatherWatch" */ = {
			isa = XCConfigurationList;
			buildConfigurations = (
				A723A37A1D2662C100EB39EB /* Debug */,
				A723A37B1D2662C100EB39EB /* Release */,
			);
			defaultConfigurationIsVisible = 0;
			defaultConfigurationName = Release;
		};
		A723A37C1D2662C100EB39EB /* Build configuration list for PBXNativeTarget "WeatherWatchTests" */ = {
			isa = XCConfigurationList;
			buildConfigurations = (
				A723A37D1D2662C100EB39EB /* Debug */,
				A723A37E1D2662C100EB39EB /* Release */,
			);
			defaultConfigurationIsVisible = 0;
			defaultConfigurationName = Release;
		};
		A723A37F1D2662C100EB39EB /* Build configuration list for PBXNativeTarget "WeatherWatchUITests" */ = {
			isa = XCConfigurationList;
			buildConfigurations = (
				A723A3801D2662C100EB39EB /* Debug */,
				A723A3811D2662C100EB39EB /* Release */,
			);
			defaultConfigurationIsVisible = 0;
			defaultConfigurationName = Release;
		};
/* End XCConfigurationList section */

/* Begin XCVersionGroup section */
		A723A3581D2662C100EB39EB /* WeatherWatch.xcdatamodeld */ = {
			isa = XCVersionGroup;
			children = (
				A723A3591D2662C100EB39EB /* WeatherWatch.xcdatamodel */,
			);
			currentVersion = A723A3591D2662C100EB39EB /* WeatherWatch.xcdatamodel */;
			path = WeatherWatch.xcdatamodeld;
			sourceTree = "<group>";
			versionGroupType = wrapper.xcdatamodel;
		};
/* End XCVersionGroup section */
	};
	rootObject = A723A3461D2662C100EB39EB /* Project object */;
}
